
Microsoft Visual Studio Solution File, Format Version 12.00
# Visual Studio 15
VisualStudioVersion = 15.0.27004.2005
MinimumVisualStudioVersion = 10.0.40219.1
Project("{FAE04EC0-301F-11D3-BF4B-00C04F79EFBC}") = "Othello", "Othello\Othello.csproj", "{9DB34A77-6B0F-41FC-95F3-1114A8E2714D}"
EndProject
Global
	GlobalSection(SolutionConfigurationPlatforms) = preSolution
		Debug|Any CPU = Debug|Any CPU
		Release|Any CPU = Release|Any CPU
	EndGlobalSection
	GlobalSection(ProjectConfigurationPlatforms) = postSolution
		{9DB34A77-6B0F-41FC-95F3-1114A8E2714D}.Debug|Any CPU.ActiveCfg = Debug|Any CPU
		{9DB34A77-6B0F-41FC-95F3-1114A8E2714D}.Debug|Any CPU.Build.0 = Debug|Any CPU
		{9DB34A77-6B0F-41FC-95F3-1114A8E2714D}.Release|Any CPU.ActiveCfg = Release|Any CPU
		{9DB34A77-6B0F-41FC-95F3-1114A8E2714D}.Release|Any CPU.Build.0 = Release|Any CPU
	EndGlobalSection
	GlobalSection(SolutionProperties) = preSolution
		HideSolutionNode = FALSE
	EndGlobalSection
	GlobalSection(ExtensibilityGlobals) = postSolution
		SolutionGuid = {A078147E-B158-4D30-9755-8EC10E1DC313}
	EndGlobalSection
EndGlobal
